# generated by rye
# use `rye lock` or `rye sync` to update this lockfile
#
# last locked with the following flags:
#   pre: false
#   features: []
#   all-features: false
#   with-sources: false
#   generate-hashes: false

-e file:.
aiohttp==3.9.5
    # via torch-geometric
aiosignal==1.3.1
    # via aiohttp
alembic==1.13.1
    # via optuna
asttokens==2.4.1
    # via stack-data
attrs==23.2.0
    # via aiohttp
blinker==1.8.2
    # via flask
certifi==2022.12.7
    # via requests
charset-normalizer==2.1.1
    # via requests
click==8.1.7
    # via flask
cloudpickle==3.0.0
    # via shap
    # via spyder-kernels
colorama==0.4.6
    # via click
    # via colorlog
    # via ipython
    # via tqdm
colorlog==6.8.2
    # via optuna
comm==0.2.2
    # via ipykernel
contourpy==1.2.1
    # via matplotlib
cycler==0.12.1
    # via matplotlib
debugpy==1.8.1
    # via ipykernel
decorator==5.1.1
    # via ipython
et-xmlfile==1.1.0
    # via openpyxl
executing==2.0.1
    # via stack-data
filelock==3.13.1
    # via torch
flask==3.0.3
    # via furlong
fonttools==4.53.0
    # via matplotlib
frozenlist==1.4.1
    # via aiohttp
    # via aiosignal
fsspec==2024.2.0
    # via torch
    # via torch-geometric
greenlet==3.0.3
    # via sqlalchemy
idna==3.4
    # via requests
    # via yarl
intel-openmp==2021.4.0
    # via mkl
ipykernel==6.29.4
    # via spyder-kernels
ipython==8.25.0
    # via ipykernel
    # via pyvis
    # via spyder-kernels
itsdangerous==2.2.0
    # via flask
jedi==0.19.1
    # via ipython
jinja2==3.1.3
    # via flask
    # via pyvis
    # via torch
    # via torch-geometric
joblib==1.4.2
    # via scikit-learn
jsonpickle==3.2.2
    # via pyvis
jupyter-client==8.6.2
    # via ipykernel
    # via spyder-kernels
jupyter-core==5.7.2
    # via ipykernel
    # via jupyter-client
kiwisolver==1.4.5
    # via matplotlib
lightgbm==4.4.0
    # via furlong
llvmlite==0.43.0
    # via numba
mako==1.3.5
    # via alembic
markupsafe==2.1.5
    # via jinja2
    # via mako
    # via werkzeug
matplotlib==3.9.0
    # via furlong
    # via matplotlib-fontja
    # via seaborn
matplotlib-fontja==1.0.0
    # via furlong
matplotlib-inline==0.1.7
    # via ipykernel
    # via ipython
mkl==2021.4.0
    # via torch
mpmath==1.3.0
    # via sympy
multidict==6.0.5
    # via aiohttp
    # via yarl
nest-asyncio==1.6.0
    # via ipykernel
networkx==3.2.1
    # via pyvis
    # via torch
numba==0.60.0
    # via shap
numpy==1.26.3
    # via contourpy
    # via lightgbm
    # via matplotlib
    # via numba
    # via optuna
    # via pandas
    # via patsy
    # via pyarrow
    # via scikit-learn
    # via scipy
    # via seaborn
    # via shap
    # via statsmodels
    # via torch-geometric
    # via torchvision
openpyxl==3.1.4
    # via furlong
optuna==3.5.0
    # via furlong
packaging==22.0
    # via ipykernel
    # via matplotlib
    # via optuna
    # via plotly
    # via shap
    # via statsmodels
pandas==2.2.2
    # via furlong
    # via seaborn
    # via shap
    # via statsmodels
parso==0.8.4
    # via jedi
patsy==0.5.6
    # via statsmodels
pillow==10.2.0
    # via matplotlib
    # via torchvision
pip==24.1
platformdirs==4.2.2
    # via jupyter-core
plotly==5.22.0
    # via furlong
polars==0.20.31
    # via furlong
prompt-toolkit==3.0.47
    # via ipython
psutil==6.0.0
    # via ipykernel
    # via torch-geometric
pure-eval==0.2.2
    # via stack-data
pyarrow==16.1.0
    # via furlong
pyg-lib==0.4.0+pt23cu121
    # via furlong
pygments==2.18.0
    # via ipython
pyparsing==3.1.2
    # via matplotlib
    # via torch-geometric
python-dateutil==2.9.0.post0
    # via jupyter-client
    # via matplotlib
    # via pandas
python-dotenv==1.0.1
    # via furlong
pytz==2024.1
    # via pandas
pyvis==0.3.2
    # via furlong
pywin32==306
    # via jupyter-core
pyyaml==6.0.1
    # via optuna
pyzmq==26.0.3
    # via ipykernel
    # via jupyter-client
    # via spyder-kernels
requests==2.28.1
    # via torch-geometric
ruff==0.4.10
scikit-learn==1.5.0
    # via furlong
    # via shap
    # via torch-geometric
scipy==1.13.1
    # via furlong
    # via lightgbm
    # via scikit-learn
    # via shap
    # via statsmodels
    # via torch-cluster
    # via torch-geometric
    # via torch-sparse
seaborn==0.13.2
    # via furlong
shap==0.45.1
    # via furlong
six==1.16.0
    # via asttokens
    # via patsy
    # via python-dateutil
slicer==0.0.8
    # via shap
spyder-kernels==2.5.2
sqlalchemy==2.0.31
    # via alembic
    # via optuna
stack-data==0.6.3
    # via ipython
statsmodels==0.14.2
    # via furlong
sympy==1.12
    # via torch
tbb==2021.11.0
    # via mkl
tenacity==8.4.1
    # via plotly
threadpoolctl==3.5.0
    # via scikit-learn
torch==2.3.1+cu121
    # via furlong
    # via torchaudio
    # via torchvision
torch-cluster==1.6.3+pt23cu121
    # via furlong
torch-geometric==2.5.3
    # via furlong
torch-scatter==2.1.2+pt23cu121
    # via furlong
torch-sparse==0.6.18+pt23cu121
    # via furlong
torch-spline-conv==1.2.2+pt23cu121
    # via furlong
torchaudio==2.3.1+cu121
    # via furlong
torchvision==0.18.1+cu121
    # via furlong
tornado==6.4.1
    # via ipykernel
    # via jupyter-client
tqdm==4.64.1
    # via optuna
    # via shap
    # via torch-geometric
traitlets==5.14.3
    # via comm
    # via ipykernel
    # via ipython
    # via jupyter-client
    # via jupyter-core
    # via matplotlib-inline
typing-extensions==4.9.0
    # via alembic
    # via sqlalchemy
    # via torch
tzdata==2024.1
    # via pandas
urllib3==1.26.13
    # via requests
wcwidth==0.2.13
    # via prompt-toolkit
werkzeug==3.0.3
    # via flask
yarl==1.9.4
    # via aiohttp
